
Microsoft Visual Studio Solution File, Format Version 12.00
# Visual Studio 14
VisualStudioVersion = 14.0.25420.1
MinimumVisualStudioVersion = 10.0.40219.1
Project("{FAE04EC0-301F-11D3-BF4B-00C04F79EFBC}") = "OMK_RetailManager", "OMK_RetailManager\OMK_RetailManager.csproj", "{2C5BE43C-5A76-49C8-AFE0-0000AF5668C7}"
EndProject
Global
	GlobalSection(SolutionConfigurationPlatforms) = preSolution
		Debug|Any CPU = Debug|Any CPU
		Release|Any CPU = Release|Any CPU
	EndGlobalSection
	GlobalSection(ProjectConfigurationPlatforms) = postSolution
		{2C5BE43C-5A76-49C8-AFE0-0000AF5668C7}.Debug|Any CPU.ActiveCfg = Debug|Any CPU
		{2C5BE43C-5A76-49C8-AFE0-0000AF5668C7}.Debug|Any CPU.Build.0 = Debug|Any CPU
		{2C5BE43C-5A76-49C8-AFE0-0000AF5668C7}.Release|Any CPU.ActiveCfg = Release|Any CPU
		{2C5BE43C-5A76-49C8-AFE0-0000AF5668C7}.Release|Any CPU.Build.0 = Release|Any CPU
	EndGlobalSection
	GlobalSection(SolutionProperties) = preSolution
		HideSolutionNode = FALSE
	EndGlobalSection
	GlobalSection(ExtensibilityGlobals) = postSolution
		SolutionGuid = {4B35C736-1846-431C-BF4F-4E0E7DEDB9FE}
	EndGlobalSection
EndGlobal
